
Microsoft Visual Studio Solution File, Format Version 12.00
# Visual Studio 15
Project("{FAE04EC0-301F-11D3-BF4B-00C04F79EFBC}") = "DIY.NetCore.ServiceTemplate", "DIY.NetCore.ServiceTemplate.csproj", "{1D826603-F802-4611-9081-A7BD506A464B}"
EndProject
Global
	GlobalSection(SolutionConfigurationPlatforms) = preSolution
		Debug|Any CPU = Debug|Any CPU
		Release|Any CPU = Release|Any CPU
	EndGlobalSection
	GlobalSection(ProjectConfigurationPlatforms) = postSolution
		{1D826603-F802-4611-9081-A7BD506A464B}.Debug|Any CPU.ActiveCfg = Debug|Any CPU
		{1D826603-F802-4611-9081-A7BD506A464B}.Debug|Any CPU.Build.0 = Debug|Any CPU
		{1D826603-F802-4611-9081-A7BD506A464B}.Release|Any CPU.ActiveCfg = Release|Any CPU
		{1D826603-F802-4611-9081-A7BD506A464B}.Release|Any CPU.Build.0 = Release|Any CPU
	EndGlobalSection
EndGlobal
